
Microsoft Visual Studio Solution File, Format Version 12.00
# Visual Studio 15
Project("{FAE04EC0-301F-11D3-BF4B-00C04F79EFBC}") = "HiddenMessage", "HiddenMessage\HiddenMessage.csproj", "{71B190AB-B82C-463E-AA06-B2C7D0D2EE04}"
EndProject
Global
	GlobalSection(SolutionConfigurationPlatforms) = preSolution
		Debug|anycpu = Debug|anycpu
		Release|anycpu = Release|anycpu
	EndGlobalSection
	GlobalSection(ProjectConfigurationPlatforms) = postSolution
		{71B190AB-B82C-463E-AA06-B2C7D0D2EE04}.Debug|anycpu.ActiveCfg = Debug|anycpu
		{71B190AB-B82C-463E-AA06-B2C7D0D2EE04}.Debug|anycpu.Build.0 = Debug|anycpu
		{71B190AB-B82C-463E-AA06-B2C7D0D2EE04}.Release|anycpu.ActiveCfg = Release|anycpu
		{71B190AB-B82C-463E-AA06-B2C7D0D2EE04}.Release|anycpu.Build.0 = Release|anycpu
	EndGlobalSection
EndGlobal
